
Microsoft Visual Studio Solution File, Format Version 12.00
# Visual Studio Version 16
VisualStudioVersion = 16.0.30711.63
MinimumVisualStudioVersion = 10.0.40219.1
Project("{FAE04EC0-301F-11D3-BF4B-00C04F79EFBC}") = "BankOfOOP", "BankOfOOP\BankOfOOP.csproj", "{CE6ADCB5-B590-46BE-AABF-049E165F718D}"
EndProject
Global
	GlobalSection(SolutionConfigurationPlatforms) = preSolution
		Debug|Any CPU = Debug|Any CPU
		Release|Any CPU = Release|Any CPU
	EndGlobalSection
	GlobalSection(ProjectConfigurationPlatforms) = postSolution
		{CE6ADCB5-B590-46BE-AABF-049E165F718D}.Debug|Any CPU.ActiveCfg = Debug|Any CPU
		{CE6ADCB5-B590-46BE-AABF-049E165F718D}.Debug|Any CPU.Build.0 = Debug|Any CPU
		{CE6ADCB5-B590-46BE-AABF-049E165F718D}.Release|Any CPU.ActiveCfg = Release|Any CPU
		{CE6ADCB5-B590-46BE-AABF-049E165F718D}.Release|Any CPU.Build.0 = Release|Any CPU
	EndGlobalSection
	GlobalSection(SolutionProperties) = preSolution
		HideSolutionNode = FALSE
	EndGlobalSection
	GlobalSection(ExtensibilityGlobals) = postSolution
		SolutionGuid = {830B40D8-93F7-4982-9CC7-02A76ABB2D1C}
	EndGlobalSection
EndGlobal
